
Microsoft Visual Studio Solution File, Format Version 12.00
# Visual Studio Version 17
VisualStudioVersion = 17.0.32126.317
MinimumVisualStudioVersion = 10.0.40219.1
Project("{FAE04EC0-301F-11D3-BF4B-00C04F79EFBC}") = "q meselesi", "q meselesi\q meselesi.csproj", "{43314A4C-F212-46CA-80BB-988BD67A37BD}"
EndProject
Global
	GlobalSection(SolutionConfigurationPlatforms) = preSolution
		Debug|Any CPU = Debug|Any CPU
		Release|Any CPU = Release|Any CPU
	EndGlobalSection
	GlobalSection(ProjectConfigurationPlatforms) = postSolution
		{43314A4C-F212-46CA-80BB-988BD67A37BD}.Debug|Any CPU.ActiveCfg = Debug|Any CPU
		{43314A4C-F212-46CA-80BB-988BD67A37BD}.Debug|Any CPU.Build.0 = Debug|Any CPU
		{43314A4C-F212-46CA-80BB-988BD67A37BD}.Release|Any CPU.ActiveCfg = Release|Any CPU
		{43314A4C-F212-46CA-80BB-988BD67A37BD}.Release|Any CPU.Build.0 = Release|Any CPU
	EndGlobalSection
	GlobalSection(SolutionProperties) = preSolution
		HideSolutionNode = FALSE
	EndGlobalSection
	GlobalSection(ExtensibilityGlobals) = postSolution
		SolutionGuid = {74550F95-86EA-407D-A2C1-168D6C5BF051}
	EndGlobalSection
EndGlobal
