
Microsoft Visual Studio Solution File, Format Version 12.00
# Visual Studio Version 17
VisualStudioVersion = 17.0.32126.317
MinimumVisualStudioVersion = 10.0.40219.1
Project("{FAE04EC0-301F-11D3-BF4B-00C04F79EFBC}") = "1noqte6qnote1noqte3", "1noqte6qnote1noqte3\1noqte6qnote1noqte3.csproj", "{894C628F-9251-4D44-8EAB-4B7045F345CC}"
EndProject
Global
	GlobalSection(SolutionConfigurationPlatforms) = preSolution
		Debug|Any CPU = Debug|Any CPU
		Release|Any CPU = Release|Any CPU
	EndGlobalSection
	GlobalSection(ProjectConfigurationPlatforms) = postSolution
		{894C628F-9251-4D44-8EAB-4B7045F345CC}.Debug|Any CPU.ActiveCfg = Debug|Any CPU
		{894C628F-9251-4D44-8EAB-4B7045F345CC}.Debug|Any CPU.Build.0 = Debug|Any CPU
		{894C628F-9251-4D44-8EAB-4B7045F345CC}.Release|Any CPU.ActiveCfg = Release|Any CPU
		{894C628F-9251-4D44-8EAB-4B7045F345CC}.Release|Any CPU.Build.0 = Release|Any CPU
	EndGlobalSection
	GlobalSection(SolutionProperties) = preSolution
		HideSolutionNode = FALSE
	EndGlobalSection
	GlobalSection(ExtensibilityGlobals) = postSolution
		SolutionGuid = {C10A8995-800A-4FE3-9054-2E262FCA54EE}
	EndGlobalSection
EndGlobal
