
Microsoft Visual Studio Solution File, Format Version 12.00
# Visual Studio Version 17
VisualStudioVersion = 17.0.32126.317
MinimumVisualStudioVersion = 10.0.40219.1
Project("{FAE04EC0-301F-11D3-BF4B-00C04F79EFBC}") = "1noqte6noqte1in7cisi", "1noqte6noqte1in7cisi\1noqte6noqte1in7cisi.csproj", "{66A53C79-1DB3-4C35-A7EA-BCC52E6FB5A8}"
EndProject
Global
	GlobalSection(SolutionConfigurationPlatforms) = preSolution
		Debug|Any CPU = Debug|Any CPU
		Release|Any CPU = Release|Any CPU
	EndGlobalSection
	GlobalSection(ProjectConfigurationPlatforms) = postSolution
		{66A53C79-1DB3-4C35-A7EA-BCC52E6FB5A8}.Debug|Any CPU.ActiveCfg = Debug|Any CPU
		{66A53C79-1DB3-4C35-A7EA-BCC52E6FB5A8}.Debug|Any CPU.Build.0 = Debug|Any CPU
		{66A53C79-1DB3-4C35-A7EA-BCC52E6FB5A8}.Release|Any CPU.ActiveCfg = Release|Any CPU
		{66A53C79-1DB3-4C35-A7EA-BCC52E6FB5A8}.Release|Any CPU.Build.0 = Release|Any CPU
	EndGlobalSection
	GlobalSection(SolutionProperties) = preSolution
		HideSolutionNode = FALSE
	EndGlobalSection
	GlobalSection(ExtensibilityGlobals) = postSolution
		SolutionGuid = {65FA52B8-A0FD-4B85-BF57-8C70E5A5BEDC}
	EndGlobalSection
EndGlobal
