
Microsoft Visual Studio Solution File, Format Version 12.00
# Visual Studio Version 17
VisualStudioVersion = 17.0.32126.317
MinimumVisualStudioVersion = 10.0.40219.1
Project("{FAE04EC0-301F-11D3-BF4B-00C04F79EFBC}") = "Day3", "Day3\Day3.csproj", "{19691C27-EEC7-4CBF-A5A8-375BEA4C93B8}"
EndProject
Global
	GlobalSection(SolutionConfigurationPlatforms) = preSolution
		Debug|Any CPU = Debug|Any CPU
		Release|Any CPU = Release|Any CPU
	EndGlobalSection
	GlobalSection(ProjectConfigurationPlatforms) = postSolution
		{19691C27-EEC7-4CBF-A5A8-375BEA4C93B8}.Debug|Any CPU.ActiveCfg = Debug|Any CPU
		{19691C27-EEC7-4CBF-A5A8-375BEA4C93B8}.Debug|Any CPU.Build.0 = Debug|Any CPU
		{19691C27-EEC7-4CBF-A5A8-375BEA4C93B8}.Release|Any CPU.ActiveCfg = Release|Any CPU
		{19691C27-EEC7-4CBF-A5A8-375BEA4C93B8}.Release|Any CPU.Build.0 = Release|Any CPU
	EndGlobalSection
	GlobalSection(SolutionProperties) = preSolution
		HideSolutionNode = FALSE
	EndGlobalSection
	GlobalSection(ExtensibilityGlobals) = postSolution
		SolutionGuid = {BAEB72FB-A316-42D1-A8FD-71EC362657CF}
	EndGlobalSection
EndGlobal
