
Microsoft Visual Studio Solution File, Format Version 12.00
# Visual Studio Version 17
VisualStudioVersion = 17.0.32126.317
MinimumVisualStudioVersion = 10.0.40219.1
Project("{FAE04EC0-301F-11D3-BF4B-00C04F79EFBC}") = "Day2", "Day2\Day2.csproj", "{09C09583-F71A-47D0-9C7F-2C45E4A7AE12}"
EndProject
Global
	GlobalSection(SolutionConfigurationPlatforms) = preSolution
		Debug|Any CPU = Debug|Any CPU
		Release|Any CPU = Release|Any CPU
	EndGlobalSection
	GlobalSection(ProjectConfigurationPlatforms) = postSolution
		{09C09583-F71A-47D0-9C7F-2C45E4A7AE12}.Debug|Any CPU.ActiveCfg = Debug|Any CPU
		{09C09583-F71A-47D0-9C7F-2C45E4A7AE12}.Debug|Any CPU.Build.0 = Debug|Any CPU
		{09C09583-F71A-47D0-9C7F-2C45E4A7AE12}.Release|Any CPU.ActiveCfg = Release|Any CPU
		{09C09583-F71A-47D0-9C7F-2C45E4A7AE12}.Release|Any CPU.Build.0 = Release|Any CPU
	EndGlobalSection
	GlobalSection(SolutionProperties) = preSolution
		HideSolutionNode = FALSE
	EndGlobalSection
	GlobalSection(ExtensibilityGlobals) = postSolution
		SolutionGuid = {D1BEB59D-EA55-40A8-B0C0-A5A827DE35C9}
	EndGlobalSection
EndGlobal
