
Microsoft Visual Studio Solution File, Format Version 12.00
# Visual Studio Version 17
VisualStudioVersion = 17.0.32126.317
MinimumVisualStudioVersion = 10.0.40219.1
Project("{FAE04EC0-301F-11D3-BF4B-00C04F79EFBC}") = "CompareTheTriplets", "CompareTheTriplets\CompareTheTriplets.csproj", "{EEE56B8A-610A-4B5E-A979-3335B234221E}"
EndProject
Global
	GlobalSection(SolutionConfigurationPlatforms) = preSolution
		Debug|Any CPU = Debug|Any CPU
		Release|Any CPU = Release|Any CPU
	EndGlobalSection
	GlobalSection(ProjectConfigurationPlatforms) = postSolution
		{EEE56B8A-610A-4B5E-A979-3335B234221E}.Debug|Any CPU.ActiveCfg = Debug|Any CPU
		{EEE56B8A-610A-4B5E-A979-3335B234221E}.Debug|Any CPU.Build.0 = Debug|Any CPU
		{EEE56B8A-610A-4B5E-A979-3335B234221E}.Release|Any CPU.ActiveCfg = Release|Any CPU
		{EEE56B8A-610A-4B5E-A979-3335B234221E}.Release|Any CPU.Build.0 = Release|Any CPU
	EndGlobalSection
	GlobalSection(SolutionProperties) = preSolution
		HideSolutionNode = FALSE
	EndGlobalSection
	GlobalSection(ExtensibilityGlobals) = postSolution
		SolutionGuid = {93977F2B-9AC5-4FE8-BAC3-C999714F8CE0}
	EndGlobalSection
EndGlobal
